
Microsoft Visual Studio Solution File, Format Version 12.00
# Visual Studio Version 17
VisualStudioVersion = 17.4.33205.214
MinimumVisualStudioVersion = 10.0.40219.1
Project("{FAE04EC0-301F-11D3-BF4B-00C04F79EFBC}") = "minimal", "minimal\minimal.csproj", "{DD56172B-A16D-49A0-8B30-EDFE707B2241}"
EndProject
Project("{2150E333-8FDC-42A3-9474-1A3956D46DE8}") = "Solution Items", "Solution Items", "{1D50B07F-30F7-4A66-98FC-A15C0F373DA8}"
	ProjectSection(SolutionItems) = preProject
		documentation.txt = documentation.txt
	EndProjectSection
EndProject
Global
	GlobalSection(SolutionConfigurationPlatforms) = preSolution
		Debug|Any CPU = Debug|Any CPU
		Release|Any CPU = Release|Any CPU
	EndGlobalSection
	GlobalSection(ProjectConfigurationPlatforms) = postSolution
		{DD56172B-A16D-49A0-8B30-EDFE707B2241}.Debug|Any CPU.ActiveCfg = Debug|Any CPU
		{DD56172B-A16D-49A0-8B30-EDFE707B2241}.Debug|Any CPU.Build.0 = Debug|Any CPU
		{DD56172B-A16D-49A0-8B30-EDFE707B2241}.Release|Any CPU.ActiveCfg = Release|Any CPU
		{DD56172B-A16D-49A0-8B30-EDFE707B2241}.Release|Any CPU.Build.0 = Release|Any CPU
	EndGlobalSection
	GlobalSection(SolutionProperties) = preSolution
		HideSolutionNode = FALSE
	EndGlobalSection
	GlobalSection(ExtensibilityGlobals) = postSolution
		SolutionGuid = {7D2C6DB5-1DD2-4FCE-8385-B7497A1C79E8}
	EndGlobalSection
EndGlobal
